
Microsoft Visual Studio Solution File, Format Version 12.00
# Visual Studio Version 17
VisualStudioVersion = 17.4.33110.190
MinimumVisualStudioVersion = 10.0.40219.1
Project("{FAE04EC0-301F-11D3-BF4B-00C04F79EFBC}") = "ContosoRecipiesApi", "ContosoRecipiesApi\ContosoRecipiesApi.csproj", "{406A0CA5-FCDD-4375-8259-960732EA30EC}"
EndProject
Global
	GlobalSection(SolutionConfigurationPlatforms) = preSolution
		Debug|Any CPU = Debug|Any CPU
		Release|Any CPU = Release|Any CPU
	EndGlobalSection
	GlobalSection(ProjectConfigurationPlatforms) = postSolution
		{406A0CA5-FCDD-4375-8259-960732EA30EC}.Debug|Any CPU.ActiveCfg = Debug|Any CPU
		{406A0CA5-FCDD-4375-8259-960732EA30EC}.Debug|Any CPU.Build.0 = Debug|Any CPU
		{406A0CA5-FCDD-4375-8259-960732EA30EC}.Release|Any CPU.ActiveCfg = Release|Any CPU
		{406A0CA5-FCDD-4375-8259-960732EA30EC}.Release|Any CPU.Build.0 = Release|Any CPU
	EndGlobalSection
	GlobalSection(SolutionProperties) = preSolution
		HideSolutionNode = FALSE
	EndGlobalSection
	GlobalSection(ExtensibilityGlobals) = postSolution
		SolutionGuid = {4C3D6F87-4620-4E79-87CC-187691700BCD}
	EndGlobalSection
EndGlobal
